
Microsoft Visual Studio Solution File, Format Version 12.00
# Visual Studio Version 17
VisualStudioVersion = 17.3.32922.545
MinimumVisualStudioVersion = 10.0.40219.1
Project("{FAE04EC0-301F-11D3-BF4B-00C04F79EFBC}") = "EstefaniaVinueza_EjercicioCF", "EstefaniaVinueza_EjercicioCF\EstefaniaVinueza_EjercicioCF.csproj", "{71FBD690-6A54-4DCE-8BD2-78F33635982C}"
EndProject
Global
	GlobalSection(SolutionConfigurationPlatforms) = preSolution
		Debug|Any CPU = Debug|Any CPU
		Release|Any CPU = Release|Any CPU
	EndGlobalSection
	GlobalSection(ProjectConfigurationPlatforms) = postSolution
		{71FBD690-6A54-4DCE-8BD2-78F33635982C}.Debug|Any CPU.ActiveCfg = Debug|Any CPU
		{71FBD690-6A54-4DCE-8BD2-78F33635982C}.Debug|Any CPU.Build.0 = Debug|Any CPU
		{71FBD690-6A54-4DCE-8BD2-78F33635982C}.Release|Any CPU.ActiveCfg = Release|Any CPU
		{71FBD690-6A54-4DCE-8BD2-78F33635982C}.Release|Any CPU.Build.0 = Release|Any CPU
	EndGlobalSection
	GlobalSection(SolutionProperties) = preSolution
		HideSolutionNode = FALSE
	EndGlobalSection
	GlobalSection(ExtensibilityGlobals) = postSolution
		SolutionGuid = {8BFEC37D-CB9C-47DA-B87F-22670AD3D3B8}
	EndGlobalSection
EndGlobal
